
Microsoft Visual Studio Solution File, Format Version 12.00
# Visual Studio Version 16
VisualStudioVersion = 16.0.29806.167
MinimumVisualStudioVersion = 10.0.40219.1
Project("{9A19103F-16F7-4668-BE54-9A1E7A4F7556}") = "HRMS.Report.API", "HRMS.Report.API\HRMS.Report.API.csproj", "{D7A76C5E-43BF-437F-AD87-BA4443F72145}"
EndProject
Project("{9A19103F-16F7-4668-BE54-9A1E7A4F7556}") = "HRMS.Report.Service", "HRMS.Report.Service\HRMS.Report.Service.csproj", "{A5F19EB8-8F87-4910-8744-DD9E23D16C00}"
EndProject
Project("{9A19103F-16F7-4668-BE54-9A1E7A4F7556}") = "HRMS.Report.Infrastructure", "HRMS.Report.Infrastructure\HRMS.Report.Infrastructure.csproj", "{6B8C90E9-32BD-4BAB-B993-6957A858332D}"
EndProject
Project("{9A19103F-16F7-4668-BE54-9A1E7A4F7556}") = "HRMS.Report.Types", "HRMS.Report.Types\HRMS.Report.Types.csproj", "{1880E80B-99A7-4E8F-A0DF-B72BB5DE385F}"
EndProject
Project("{9A19103F-16F7-4668-BE54-9A1E7A4F7556}") = "HRMS.Report.Tests", "HRMS.Report.Tests\HRMS.Report.Tests.csproj", "{AE48D98E-8E4C-40BD-9374-14E17D3F7859}"
EndProject
Global
	GlobalSection(SolutionConfigurationPlatforms) = preSolution
		Debug|Any CPU = Debug|Any CPU
		DEV|Any CPU = DEV|Any CPU
		QA|Any CPU = QA|Any CPU
		Release|Any CPU = Release|Any CPU
		UAT|Any CPU = UAT|Any CPU
	EndGlobalSection
	GlobalSection(ProjectConfigurationPlatforms) = postSolution
		{D7A76C5E-43BF-437F-AD87-BA4443F72145}.Debug|Any CPU.ActiveCfg = Debug|Any CPU
		{D7A76C5E-43BF-437F-AD87-BA4443F72145}.Debug|Any CPU.Build.0 = Debug|Any CPU
		{D7A76C5E-43BF-437F-AD87-BA4443F72145}.DEV|Any CPU.ActiveCfg = DEV|Any CPU
		{D7A76C5E-43BF-437F-AD87-BA4443F72145}.DEV|Any CPU.Build.0 = DEV|Any CPU
		{D7A76C5E-43BF-437F-AD87-BA4443F72145}.QA|Any CPU.ActiveCfg = QA|Any CPU
		{D7A76C5E-43BF-437F-AD87-BA4443F72145}.QA|Any CPU.Build.0 = QA|Any CPU
		{D7A76C5E-43BF-437F-AD87-BA4443F72145}.Release|Any CPU.ActiveCfg = Release|Any CPU
		{D7A76C5E-43BF-437F-AD87-BA4443F72145}.Release|Any CPU.Build.0 = Release|Any CPU
		{D7A76C5E-43BF-437F-AD87-BA4443F72145}.UAT|Any CPU.ActiveCfg = UAT|Any CPU
		{D7A76C5E-43BF-437F-AD87-BA4443F72145}.UAT|Any CPU.Build.0 = UAT|Any CPU
		{A5F19EB8-8F87-4910-8744-DD9E23D16C00}.Debug|Any CPU.ActiveCfg = Debug|Any CPU
		{A5F19EB8-8F87-4910-8744-DD9E23D16C00}.Debug|Any CPU.Build.0 = Debug|Any CPU
		{A5F19EB8-8F87-4910-8744-DD9E23D16C00}.DEV|Any CPU.ActiveCfg = DEV|Any CPU
		{A5F19EB8-8F87-4910-8744-DD9E23D16C00}.DEV|Any CPU.Build.0 = DEV|Any CPU
		{A5F19EB8-8F87-4910-8744-DD9E23D16C00}.QA|Any CPU.ActiveCfg = QA|Any CPU
		{A5F19EB8-8F87-4910-8744-DD9E23D16C00}.QA|Any CPU.Build.0 = QA|Any CPU
		{A5F19EB8-8F87-4910-8744-DD9E23D16C00}.Release|Any CPU.ActiveCfg = Release|Any CPU
		{A5F19EB8-8F87-4910-8744-DD9E23D16C00}.Release|Any CPU.Build.0 = Release|Any CPU
		{A5F19EB8-8F87-4910-8744-DD9E23D16C00}.UAT|Any CPU.ActiveCfg = QA|Any CPU
		{A5F19EB8-8F87-4910-8744-DD9E23D16C00}.UAT|Any CPU.Build.0 = QA|Any CPU
		{6B8C90E9-32BD-4BAB-B993-6957A858332D}.Debug|Any CPU.ActiveCfg = Debug|Any CPU
		{6B8C90E9-32BD-4BAB-B993-6957A858332D}.Debug|Any CPU.Build.0 = Debug|Any CPU
		{6B8C90E9-32BD-4BAB-B993-6957A858332D}.DEV|Any CPU.ActiveCfg = DEV|Any CPU
		{6B8C90E9-32BD-4BAB-B993-6957A858332D}.DEV|Any CPU.Build.0 = DEV|Any CPU
		{6B8C90E9-32BD-4BAB-B993-6957A858332D}.QA|Any CPU.ActiveCfg = DEV|Any CPU
		{6B8C90E9-32BD-4BAB-B993-6957A858332D}.QA|Any CPU.Build.0 = DEV|Any CPU
		{6B8C90E9-32BD-4BAB-B993-6957A858332D}.Release|Any CPU.ActiveCfg = Release|Any CPU
		{6B8C90E9-32BD-4BAB-B993-6957A858332D}.Release|Any CPU.Build.0 = Release|Any CPU
		{6B8C90E9-32BD-4BAB-B993-6957A858332D}.UAT|Any CPU.ActiveCfg = DEV|Any CPU
		{6B8C90E9-32BD-4BAB-B993-6957A858332D}.UAT|Any CPU.Build.0 = DEV|Any CPU
		{1880E80B-99A7-4E8F-A0DF-B72BB5DE385F}.Debug|Any CPU.ActiveCfg = Debug|Any CPU
		{1880E80B-99A7-4E8F-A0DF-B72BB5DE385F}.Debug|Any CPU.Build.0 = Debug|Any CPU
		{1880E80B-99A7-4E8F-A0DF-B72BB5DE385F}.DEV|Any CPU.ActiveCfg = DEV|Any CPU
		{1880E80B-99A7-4E8F-A0DF-B72BB5DE385F}.DEV|Any CPU.Build.0 = DEV|Any CPU
		{1880E80B-99A7-4E8F-A0DF-B72BB5DE385F}.QA|Any CPU.ActiveCfg = DEV|Any CPU
		{1880E80B-99A7-4E8F-A0DF-B72BB5DE385F}.QA|Any CPU.Build.0 = DEV|Any CPU
		{1880E80B-99A7-4E8F-A0DF-B72BB5DE385F}.Release|Any CPU.ActiveCfg = Release|Any CPU
		{1880E80B-99A7-4E8F-A0DF-B72BB5DE385F}.Release|Any CPU.Build.0 = Release|Any CPU
		{1880E80B-99A7-4E8F-A0DF-B72BB5DE385F}.UAT|Any CPU.ActiveCfg = DEV|Any CPU
		{1880E80B-99A7-4E8F-A0DF-B72BB5DE385F}.UAT|Any CPU.Build.0 = DEV|Any CPU
		{AE48D98E-8E4C-40BD-9374-14E17D3F7859}.Debug|Any CPU.ActiveCfg = Debug|Any CPU
		{AE48D98E-8E4C-40BD-9374-14E17D3F7859}.Debug|Any CPU.Build.0 = Debug|Any CPU
		{AE48D98E-8E4C-40BD-9374-14E17D3F7859}.DEV|Any CPU.ActiveCfg = DEV|Any CPU
		{AE48D98E-8E4C-40BD-9374-14E17D3F7859}.DEV|Any CPU.Build.0 = DEV|Any CPU
		{AE48D98E-8E4C-40BD-9374-14E17D3F7859}.QA|Any CPU.ActiveCfg = DEV|Any CPU
		{AE48D98E-8E4C-40BD-9374-14E17D3F7859}.QA|Any CPU.Build.0 = DEV|Any CPU
		{AE48D98E-8E4C-40BD-9374-14E17D3F7859}.Release|Any CPU.ActiveCfg = Release|Any CPU
		{AE48D98E-8E4C-40BD-9374-14E17D3F7859}.Release|Any CPU.Build.0 = Release|Any CPU
		{AE48D98E-8E4C-40BD-9374-14E17D3F7859}.UAT|Any CPU.ActiveCfg = DEV|Any CPU
		{AE48D98E-8E4C-40BD-9374-14E17D3F7859}.UAT|Any CPU.Build.0 = DEV|Any CPU
	EndGlobalSection
	GlobalSection(SolutionProperties) = preSolution
		HideSolutionNode = FALSE
	EndGlobalSection
	GlobalSection(ExtensibilityGlobals) = postSolution
		SolutionGuid = {59244C8E-3156-4056-8267-10393513FD95}
	EndGlobalSection
EndGlobal
