
Microsoft Visual Studio Solution File, Format Version 12.00
# Visual Studio Version 16
VisualStudioVersion = 16.0.30225.117
MinimumVisualStudioVersion = 10.0.40219.1
Project("{9A19103F-16F7-4668-BE54-9A1E7A4F7556}") = "HRMS.KRA.API", "HRMS.KRA.API\HRMS.KRA.API.csproj", "{4B96324E-7DCA-44CD-86AA-F6650A0CF419}"
EndProject
Project("{9A19103F-16F7-4668-BE54-9A1E7A4F7556}") = "HRMS.KRA.Database", "HRMS.KRA.Database\HRMS.KRA.Database.csproj", "{72907C31-C1FB-479C-983A-E65469C4C54E}"
EndProject
Project("{9A19103F-16F7-4668-BE54-9A1E7A4F7556}") = "HRMS.KRA.Entities", "HRMS.KRA.Entities\HRMS.KRA.Entities.csproj", "{101FB873-9F53-4617-8DFC-4E48904F5A60}"
EndProject
Project("{9A19103F-16F7-4668-BE54-9A1E7A4F7556}") = "HRMS.KRA.Infrastructure", "HRMS.KRA.Infrastructure\HRMS.KRA.Infrastructure.csproj", "{188DEBAE-4599-41E5-BAF8-F0CEF944D599}"
EndProject
Project("{9A19103F-16F7-4668-BE54-9A1E7A4F7556}") = "HRMS.KRA.Service", "HRMS.KRA.Service\HRMS.KRA.Service.csproj", "{D0C787E0-924A-4FE9-A536-A26F15B7061E}"
EndProject
Project("{9A19103F-16F7-4668-BE54-9A1E7A4F7556}") = "HRMS.KRA.Types", "HRMS.KRA.Types\HRMS.KRA.Types.csproj", "{E4474416-3C12-4E61-892D-8073D902EF5E}"
EndProject
Project("{9A19103F-16F7-4668-BE54-9A1E7A4F7556}") = "HRMS.KRA.Tests", "HRMS.KRA.Tests\HRMS.KRA.Tests.csproj", "{58D419A4-6333-4754-A10A-7B69942979F7}"
EndProject
Global
	GlobalSection(SolutionConfigurationPlatforms) = preSolution
		Debug|Any CPU = Debug|Any CPU
		DEV|Any CPU = DEV|Any CPU
		QA|Any CPU = QA|Any CPU
		Release|Any CPU = Release|Any CPU
		UAT|Any CPU = UAT|Any CPU
	EndGlobalSection
	GlobalSection(ProjectConfigurationPlatforms) = postSolution
		{4B96324E-7DCA-44CD-86AA-F6650A0CF419}.Debug|Any CPU.ActiveCfg = Debug|Any CPU
		{4B96324E-7DCA-44CD-86AA-F6650A0CF419}.Debug|Any CPU.Build.0 = Debug|Any CPU
		{4B96324E-7DCA-44CD-86AA-F6650A0CF419}.DEV|Any CPU.ActiveCfg = DEV|Any CPU
		{4B96324E-7DCA-44CD-86AA-F6650A0CF419}.DEV|Any CPU.Build.0 = DEV|Any CPU
		{4B96324E-7DCA-44CD-86AA-F6650A0CF419}.QA|Any CPU.ActiveCfg = QA|Any CPU
		{4B96324E-7DCA-44CD-86AA-F6650A0CF419}.QA|Any CPU.Build.0 = QA|Any CPU
		{4B96324E-7DCA-44CD-86AA-F6650A0CF419}.Release|Any CPU.ActiveCfg = Release|Any CPU
		{4B96324E-7DCA-44CD-86AA-F6650A0CF419}.Release|Any CPU.Build.0 = Release|Any CPU
		{4B96324E-7DCA-44CD-86AA-F6650A0CF419}.UAT|Any CPU.ActiveCfg = UAT|Any CPU
		{4B96324E-7DCA-44CD-86AA-F6650A0CF419}.UAT|Any CPU.Build.0 = UAT|Any CPU
		{72907C31-C1FB-479C-983A-E65469C4C54E}.Debug|Any CPU.ActiveCfg = Debug|Any CPU
		{72907C31-C1FB-479C-983A-E65469C4C54E}.Debug|Any CPU.Build.0 = Debug|Any CPU
		{72907C31-C1FB-479C-983A-E65469C4C54E}.DEV|Any CPU.ActiveCfg = DEV|Any CPU
		{72907C31-C1FB-479C-983A-E65469C4C54E}.DEV|Any CPU.Build.0 = DEV|Any CPU
		{72907C31-C1FB-479C-983A-E65469C4C54E}.QA|Any CPU.ActiveCfg = QA|Any CPU
		{72907C31-C1FB-479C-983A-E65469C4C54E}.QA|Any CPU.Build.0 = QA|Any CPU
		{72907C31-C1FB-479C-983A-E65469C4C54E}.Release|Any CPU.ActiveCfg = Release|Any CPU
		{72907C31-C1FB-479C-983A-E65469C4C54E}.Release|Any CPU.Build.0 = Release|Any CPU
		{72907C31-C1FB-479C-983A-E65469C4C54E}.UAT|Any CPU.ActiveCfg = UAT|Any CPU
		{72907C31-C1FB-479C-983A-E65469C4C54E}.UAT|Any CPU.Build.0 = UAT|Any CPU
		{101FB873-9F53-4617-8DFC-4E48904F5A60}.Debug|Any CPU.ActiveCfg = Debug|Any CPU
		{101FB873-9F53-4617-8DFC-4E48904F5A60}.Debug|Any CPU.Build.0 = Debug|Any CPU
		{101FB873-9F53-4617-8DFC-4E48904F5A60}.DEV|Any CPU.ActiveCfg = DEV|Any CPU
		{101FB873-9F53-4617-8DFC-4E48904F5A60}.DEV|Any CPU.Build.0 = DEV|Any CPU
		{101FB873-9F53-4617-8DFC-4E48904F5A60}.QA|Any CPU.ActiveCfg = QA|Any CPU
		{101FB873-9F53-4617-8DFC-4E48904F5A60}.QA|Any CPU.Build.0 = QA|Any CPU
		{101FB873-9F53-4617-8DFC-4E48904F5A60}.Release|Any CPU.ActiveCfg = Release|Any CPU
		{101FB873-9F53-4617-8DFC-4E48904F5A60}.Release|Any CPU.Build.0 = Release|Any CPU
		{101FB873-9F53-4617-8DFC-4E48904F5A60}.UAT|Any CPU.ActiveCfg = UAT|Any CPU
		{101FB873-9F53-4617-8DFC-4E48904F5A60}.UAT|Any CPU.Build.0 = UAT|Any CPU
		{188DEBAE-4599-41E5-BAF8-F0CEF944D599}.Debug|Any CPU.ActiveCfg = Debug|Any CPU
		{188DEBAE-4599-41E5-BAF8-F0CEF944D599}.Debug|Any CPU.Build.0 = Debug|Any CPU
		{188DEBAE-4599-41E5-BAF8-F0CEF944D599}.DEV|Any CPU.ActiveCfg = DEV|Any CPU
		{188DEBAE-4599-41E5-BAF8-F0CEF944D599}.DEV|Any CPU.Build.0 = DEV|Any CPU
		{188DEBAE-4599-41E5-BAF8-F0CEF944D599}.QA|Any CPU.ActiveCfg = QA|Any CPU
		{188DEBAE-4599-41E5-BAF8-F0CEF944D599}.QA|Any CPU.Build.0 = QA|Any CPU
		{188DEBAE-4599-41E5-BAF8-F0CEF944D599}.Release|Any CPU.ActiveCfg = Release|Any CPU
		{188DEBAE-4599-41E5-BAF8-F0CEF944D599}.Release|Any CPU.Build.0 = Release|Any CPU
		{188DEBAE-4599-41E5-BAF8-F0CEF944D599}.UAT|Any CPU.ActiveCfg = UAT|Any CPU
		{188DEBAE-4599-41E5-BAF8-F0CEF944D599}.UAT|Any CPU.Build.0 = UAT|Any CPU
		{D0C787E0-924A-4FE9-A536-A26F15B7061E}.Debug|Any CPU.ActiveCfg = Debug|Any CPU
		{D0C787E0-924A-4FE9-A536-A26F15B7061E}.Debug|Any CPU.Build.0 = Debug|Any CPU
		{D0C787E0-924A-4FE9-A536-A26F15B7061E}.DEV|Any CPU.ActiveCfg = DEV|Any CPU
		{D0C787E0-924A-4FE9-A536-A26F15B7061E}.DEV|Any CPU.Build.0 = DEV|Any CPU
		{D0C787E0-924A-4FE9-A536-A26F15B7061E}.QA|Any CPU.ActiveCfg = QA|Any CPU
		{D0C787E0-924A-4FE9-A536-A26F15B7061E}.QA|Any CPU.Build.0 = QA|Any CPU
		{D0C787E0-924A-4FE9-A536-A26F15B7061E}.Release|Any CPU.ActiveCfg = Release|Any CPU
		{D0C787E0-924A-4FE9-A536-A26F15B7061E}.Release|Any CPU.Build.0 = Release|Any CPU
		{D0C787E0-924A-4FE9-A536-A26F15B7061E}.UAT|Any CPU.ActiveCfg = UAT|Any CPU
		{D0C787E0-924A-4FE9-A536-A26F15B7061E}.UAT|Any CPU.Build.0 = UAT|Any CPU
		{E4474416-3C12-4E61-892D-8073D902EF5E}.Debug|Any CPU.ActiveCfg = Debug|Any CPU
		{E4474416-3C12-4E61-892D-8073D902EF5E}.Debug|Any CPU.Build.0 = Debug|Any CPU
		{E4474416-3C12-4E61-892D-8073D902EF5E}.DEV|Any CPU.ActiveCfg = DEV|Any CPU
		{E4474416-3C12-4E61-892D-8073D902EF5E}.DEV|Any CPU.Build.0 = DEV|Any CPU
		{E4474416-3C12-4E61-892D-8073D902EF5E}.QA|Any CPU.ActiveCfg = DEV|Any CPU
		{E4474416-3C12-4E61-892D-8073D902EF5E}.QA|Any CPU.Build.0 = DEV|Any CPU
		{E4474416-3C12-4E61-892D-8073D902EF5E}.Release|Any CPU.ActiveCfg = Release|Any CPU
		{E4474416-3C12-4E61-892D-8073D902EF5E}.Release|Any CPU.Build.0 = Release|Any CPU
		{E4474416-3C12-4E61-892D-8073D902EF5E}.UAT|Any CPU.ActiveCfg = UAT|Any CPU
		{E4474416-3C12-4E61-892D-8073D902EF5E}.UAT|Any CPU.Build.0 = UAT|Any CPU
		{58D419A4-6333-4754-A10A-7B69942979F7}.Debug|Any CPU.ActiveCfg = Debug|Any CPU
		{58D419A4-6333-4754-A10A-7B69942979F7}.Debug|Any CPU.Build.0 = Debug|Any CPU
		{58D419A4-6333-4754-A10A-7B69942979F7}.DEV|Any CPU.ActiveCfg = DEV|Any CPU
		{58D419A4-6333-4754-A10A-7B69942979F7}.DEV|Any CPU.Build.0 = DEV|Any CPU
		{58D419A4-6333-4754-A10A-7B69942979F7}.QA|Any CPU.ActiveCfg = DEV|Any CPU
		{58D419A4-6333-4754-A10A-7B69942979F7}.QA|Any CPU.Build.0 = DEV|Any CPU
		{58D419A4-6333-4754-A10A-7B69942979F7}.Release|Any CPU.ActiveCfg = Release|Any CPU
		{58D419A4-6333-4754-A10A-7B69942979F7}.Release|Any CPU.Build.0 = Release|Any CPU
		{58D419A4-6333-4754-A10A-7B69942979F7}.UAT|Any CPU.ActiveCfg = UAT|Any CPU
		{58D419A4-6333-4754-A10A-7B69942979F7}.UAT|Any CPU.Build.0 = UAT|Any CPU
	EndGlobalSection
	GlobalSection(SolutionProperties) = preSolution
		HideSolutionNode = FALSE
	EndGlobalSection
	GlobalSection(ExtensibilityGlobals) = postSolution
		SolutionGuid = {9A761EF2-F014-4119-8E80-175DEE51251B}
	EndGlobalSection
EndGlobal
