
Microsoft Visual Studio Solution File, Format Version 12.00
# Visual Studio Version 16
VisualStudioVersion = 16.0.29613.14
MinimumVisualStudioVersion = 10.0.40219.1
Project("{9A19103F-16F7-4668-BE54-9A1E7A4F7556}") = "HRMS.Cache.Data", "HRMS.Cache.Data\HRMS.Cache.Data.csproj", "{FB05E362-C44E-4963-B5D9-F57D909023BF}"
EndProject
Project("{9A19103F-16F7-4668-BE54-9A1E7A4F7556}") = "HRMS.Cache.Entities", "HRMS.Data.Entities\HRMS.Cache.Entities.csproj", "{1D5850CA-062D-4021-B238-EFD28AAB80BA}"
EndProject
Project("{9A19103F-16F7-4668-BE54-9A1E7A4F7556}") = "HRMS.Cache.Database", "HRMS.Cache.Database\HRMS.Cache.Database.csproj", "{3DDC1E5B-7F68-463C-80F7-F3E48723C8D1}"
EndProject
Project("{9A19103F-16F7-4668-BE54-9A1E7A4F7556}") = "HRMS.Cache.Redis", "HRMS.Cache.Redis\HRMS.Cache.Redis.csproj", "{F7C8E53A-1A6C-4E51-84D1-D71C319CABC5}"
EndProject
Project("{FAE04EC0-301F-11D3-BF4B-00C04F79EFBC}") = "HRMS.Cache.Linq", "HRMS.Cache.Linq\HRMS.Cache.Linq.csproj", "{7C2BD9B0-ED9C-4261-8F97-FECA471E2A4D}"
EndProject
Global
	GlobalSection(SolutionConfigurationPlatforms) = preSolution
		Debug|Any CPU = Debug|Any CPU
		Release|Any CPU = Release|Any CPU
	EndGlobalSection
	GlobalSection(ProjectConfigurationPlatforms) = postSolution
		{FB05E362-C44E-4963-B5D9-F57D909023BF}.Debug|Any CPU.ActiveCfg = Debug|Any CPU
		{FB05E362-C44E-4963-B5D9-F57D909023BF}.Debug|Any CPU.Build.0 = Debug|Any CPU
		{FB05E362-C44E-4963-B5D9-F57D909023BF}.Release|Any CPU.ActiveCfg = Release|Any CPU
		{FB05E362-C44E-4963-B5D9-F57D909023BF}.Release|Any CPU.Build.0 = Release|Any CPU
		{1D5850CA-062D-4021-B238-EFD28AAB80BA}.Debug|Any CPU.ActiveCfg = Debug|Any CPU
		{1D5850CA-062D-4021-B238-EFD28AAB80BA}.Debug|Any CPU.Build.0 = Debug|Any CPU
		{1D5850CA-062D-4021-B238-EFD28AAB80BA}.Release|Any CPU.ActiveCfg = Release|Any CPU
		{1D5850CA-062D-4021-B238-EFD28AAB80BA}.Release|Any CPU.Build.0 = Release|Any CPU
		{3DDC1E5B-7F68-463C-80F7-F3E48723C8D1}.Debug|Any CPU.ActiveCfg = Debug|Any CPU
		{3DDC1E5B-7F68-463C-80F7-F3E48723C8D1}.Debug|Any CPU.Build.0 = Debug|Any CPU
		{3DDC1E5B-7F68-463C-80F7-F3E48723C8D1}.Release|Any CPU.ActiveCfg = Release|Any CPU
		{3DDC1E5B-7F68-463C-80F7-F3E48723C8D1}.Release|Any CPU.Build.0 = Release|Any CPU
		{F7C8E53A-1A6C-4E51-84D1-D71C319CABC5}.Debug|Any CPU.ActiveCfg = Debug|Any CPU
		{F7C8E53A-1A6C-4E51-84D1-D71C319CABC5}.Debug|Any CPU.Build.0 = Debug|Any CPU
		{F7C8E53A-1A6C-4E51-84D1-D71C319CABC5}.Release|Any CPU.ActiveCfg = Release|Any CPU
		{F7C8E53A-1A6C-4E51-84D1-D71C319CABC5}.Release|Any CPU.Build.0 = Release|Any CPU
		{7C2BD9B0-ED9C-4261-8F97-FECA471E2A4D}.Debug|Any CPU.ActiveCfg = Debug|Any CPU
		{7C2BD9B0-ED9C-4261-8F97-FECA471E2A4D}.Debug|Any CPU.Build.0 = Debug|Any CPU
		{7C2BD9B0-ED9C-4261-8F97-FECA471E2A4D}.Release|Any CPU.ActiveCfg = Release|Any CPU
		{7C2BD9B0-ED9C-4261-8F97-FECA471E2A4D}.Release|Any CPU.Build.0 = Release|Any CPU
	EndGlobalSection
	GlobalSection(SolutionProperties) = preSolution
		HideSolutionNode = FALSE
	EndGlobalSection
	GlobalSection(ExtensibilityGlobals) = postSolution
		SolutionGuid = {D3995628-2E82-4296-BF69-3D17607A3C93}
	EndGlobalSection
EndGlobal
