
Microsoft Visual Studio Solution File, Format Version 12.00
# Visual Studio Version 16
VisualStudioVersion = 16.0.29613.14
MinimumVisualStudioVersion = 10.0.40219.1
Project("{9A19103F-16F7-4668-BE54-9A1E7A4F7556}") = "HRMS.Admin.API", "HRMS.Admin.API\HRMS.Admin.API.csproj", "{3092ACCB-F98A-483B-890E-3B1622D06E00}"
EndProject
Project("{9A19103F-16F7-4668-BE54-9A1E7A4F7556}") = "HRMS.Admin.Entities", "HRMS.Admin.Entities\HRMS.Admin.Entities.csproj", "{8A3626AC-F2EA-4A10-AC6F-6D28F7775F80}"
EndProject
Project("{9A19103F-16F7-4668-BE54-9A1E7A4F7556}") = "HRMS.Admin.Service", "HRMS.Admin.Service\HRMS.Admin.Service.csproj", "{2D046392-B124-4ABA-8B72-F17DC3DCEAE9}"
	ProjectSection(ProjectDependencies) = postProject
		{AD8C22C3-CD40-4554-80A3-33F191631207} = {AD8C22C3-CD40-4554-80A3-33F191631207}
	EndProjectSection
EndProject
Project("{9A19103F-16F7-4668-BE54-9A1E7A4F7556}") = "HRMS.Admin.Tests", "HRMS.Admin.Tests\HRMS.Admin.Tests.csproj", "{BB79A4EA-D9A4-446B-A831-FFE49401AA5E}"
EndProject
Project("{9A19103F-16F7-4668-BE54-9A1E7A4F7556}") = "HRMS.Admin.Database", "HRMS.Admin.Database\HRMS.Admin.Database.csproj", "{F53D95B2-6948-47B1-A90F-9938C1461DC3}"
EndProject
Project("{9A19103F-16F7-4668-BE54-9A1E7A4F7556}") = "HRMS.Admin.Types", "HRMS.Admin.Types\HRMS.Admin.Types.csproj", "{440DFDD4-2FF7-437E-A226-1C71CE2AB05C}"
EndProject
Project("{9A19103F-16F7-4668-BE54-9A1E7A4F7556}") = "HRMS.Admin.Infrastructure", "HRMS.Admin.Infrastructure\HRMS.Admin.Infrastructure.csproj", "{AD8C22C3-CD40-4554-80A3-33F191631207}"
EndProject
Global
	GlobalSection(SolutionConfigurationPlatforms) = preSolution
		Debug|Any CPU = Debug|Any CPU
		DEV|Any CPU = DEV|Any CPU
		QA|Any CPU = QA|Any CPU
		Release|Any CPU = Release|Any CPU
		UAT|Any CPU = UAT|Any CPU
	EndGlobalSection
	GlobalSection(ProjectConfigurationPlatforms) = postSolution
		{3092ACCB-F98A-483B-890E-3B1622D06E00}.Debug|Any CPU.ActiveCfg = Debug|Any CPU
		{3092ACCB-F98A-483B-890E-3B1622D06E00}.Debug|Any CPU.Build.0 = Debug|Any CPU
		{3092ACCB-F98A-483B-890E-3B1622D06E00}.DEV|Any CPU.ActiveCfg = DEV|Any CPU
		{3092ACCB-F98A-483B-890E-3B1622D06E00}.DEV|Any CPU.Build.0 = DEV|Any CPU
		{3092ACCB-F98A-483B-890E-3B1622D06E00}.QA|Any CPU.ActiveCfg = QA|Any CPU
		{3092ACCB-F98A-483B-890E-3B1622D06E00}.QA|Any CPU.Build.0 = QA|Any CPU
		{3092ACCB-F98A-483B-890E-3B1622D06E00}.Release|Any CPU.ActiveCfg = Release|Any CPU
		{3092ACCB-F98A-483B-890E-3B1622D06E00}.Release|Any CPU.Build.0 = Release|Any CPU
		{3092ACCB-F98A-483B-890E-3B1622D06E00}.UAT|Any CPU.ActiveCfg = UAT|Any CPU
		{3092ACCB-F98A-483B-890E-3B1622D06E00}.UAT|Any CPU.Build.0 = UAT|Any CPU
		{8A3626AC-F2EA-4A10-AC6F-6D28F7775F80}.Debug|Any CPU.ActiveCfg = Debug|Any CPU
		{8A3626AC-F2EA-4A10-AC6F-6D28F7775F80}.Debug|Any CPU.Build.0 = Debug|Any CPU
		{8A3626AC-F2EA-4A10-AC6F-6D28F7775F80}.DEV|Any CPU.ActiveCfg = DEV|Any CPU
		{8A3626AC-F2EA-4A10-AC6F-6D28F7775F80}.DEV|Any CPU.Build.0 = DEV|Any CPU
		{8A3626AC-F2EA-4A10-AC6F-6D28F7775F80}.QA|Any CPU.ActiveCfg = QA|Any CPU
		{8A3626AC-F2EA-4A10-AC6F-6D28F7775F80}.QA|Any CPU.Build.0 = QA|Any CPU
		{8A3626AC-F2EA-4A10-AC6F-6D28F7775F80}.Release|Any CPU.ActiveCfg = Release|Any CPU
		{8A3626AC-F2EA-4A10-AC6F-6D28F7775F80}.Release|Any CPU.Build.0 = Release|Any CPU
		{8A3626AC-F2EA-4A10-AC6F-6D28F7775F80}.UAT|Any CPU.ActiveCfg = UAT|Any CPU
		{8A3626AC-F2EA-4A10-AC6F-6D28F7775F80}.UAT|Any CPU.Build.0 = UAT|Any CPU
		{2D046392-B124-4ABA-8B72-F17DC3DCEAE9}.Debug|Any CPU.ActiveCfg = Debug|Any CPU
		{2D046392-B124-4ABA-8B72-F17DC3DCEAE9}.Debug|Any CPU.Build.0 = Debug|Any CPU
		{2D046392-B124-4ABA-8B72-F17DC3DCEAE9}.DEV|Any CPU.ActiveCfg = DEV|Any CPU
		{2D046392-B124-4ABA-8B72-F17DC3DCEAE9}.DEV|Any CPU.Build.0 = DEV|Any CPU
		{2D046392-B124-4ABA-8B72-F17DC3DCEAE9}.QA|Any CPU.ActiveCfg = QA|Any CPU
		{2D046392-B124-4ABA-8B72-F17DC3DCEAE9}.QA|Any CPU.Build.0 = QA|Any CPU
		{2D046392-B124-4ABA-8B72-F17DC3DCEAE9}.Release|Any CPU.ActiveCfg = Release|Any CPU
		{2D046392-B124-4ABA-8B72-F17DC3DCEAE9}.Release|Any CPU.Build.0 = Release|Any CPU
		{2D046392-B124-4ABA-8B72-F17DC3DCEAE9}.UAT|Any CPU.ActiveCfg = UAT|Any CPU
		{2D046392-B124-4ABA-8B72-F17DC3DCEAE9}.UAT|Any CPU.Build.0 = UAT|Any CPU
		{BB79A4EA-D9A4-446B-A831-FFE49401AA5E}.Debug|Any CPU.ActiveCfg = Debug|Any CPU
		{BB79A4EA-D9A4-446B-A831-FFE49401AA5E}.Debug|Any CPU.Build.0 = Debug|Any CPU
		{BB79A4EA-D9A4-446B-A831-FFE49401AA5E}.DEV|Any CPU.ActiveCfg = DEV|Any CPU
		{BB79A4EA-D9A4-446B-A831-FFE49401AA5E}.DEV|Any CPU.Build.0 = DEV|Any CPU
		{BB79A4EA-D9A4-446B-A831-FFE49401AA5E}.QA|Any CPU.ActiveCfg = QA|Any CPU
		{BB79A4EA-D9A4-446B-A831-FFE49401AA5E}.QA|Any CPU.Build.0 = QA|Any CPU
		{BB79A4EA-D9A4-446B-A831-FFE49401AA5E}.Release|Any CPU.ActiveCfg = Release|Any CPU
		{BB79A4EA-D9A4-446B-A831-FFE49401AA5E}.Release|Any CPU.Build.0 = Release|Any CPU
		{BB79A4EA-D9A4-446B-A831-FFE49401AA5E}.UAT|Any CPU.ActiveCfg = UAT|Any CPU
		{BB79A4EA-D9A4-446B-A831-FFE49401AA5E}.UAT|Any CPU.Build.0 = UAT|Any CPU
		{F53D95B2-6948-47B1-A90F-9938C1461DC3}.Debug|Any CPU.ActiveCfg = Debug|Any CPU
		{F53D95B2-6948-47B1-A90F-9938C1461DC3}.Debug|Any CPU.Build.0 = Debug|Any CPU
		{F53D95B2-6948-47B1-A90F-9938C1461DC3}.DEV|Any CPU.ActiveCfg = DEV|Any CPU
		{F53D95B2-6948-47B1-A90F-9938C1461DC3}.DEV|Any CPU.Build.0 = DEV|Any CPU
		{F53D95B2-6948-47B1-A90F-9938C1461DC3}.QA|Any CPU.ActiveCfg = QA|Any CPU
		{F53D95B2-6948-47B1-A90F-9938C1461DC3}.QA|Any CPU.Build.0 = QA|Any CPU
		{F53D95B2-6948-47B1-A90F-9938C1461DC3}.Release|Any CPU.ActiveCfg = Release|Any CPU
		{F53D95B2-6948-47B1-A90F-9938C1461DC3}.Release|Any CPU.Build.0 = Release|Any CPU
		{F53D95B2-6948-47B1-A90F-9938C1461DC3}.UAT|Any CPU.ActiveCfg = UAT|Any CPU
		{F53D95B2-6948-47B1-A90F-9938C1461DC3}.UAT|Any CPU.Build.0 = UAT|Any CPU
		{440DFDD4-2FF7-437E-A226-1C71CE2AB05C}.Debug|Any CPU.ActiveCfg = Debug|Any CPU
		{440DFDD4-2FF7-437E-A226-1C71CE2AB05C}.Debug|Any CPU.Build.0 = Debug|Any CPU
		{440DFDD4-2FF7-437E-A226-1C71CE2AB05C}.DEV|Any CPU.ActiveCfg = DEV|Any CPU
		{440DFDD4-2FF7-437E-A226-1C71CE2AB05C}.DEV|Any CPU.Build.0 = DEV|Any CPU
		{440DFDD4-2FF7-437E-A226-1C71CE2AB05C}.QA|Any CPU.ActiveCfg = QA|Any CPU
		{440DFDD4-2FF7-437E-A226-1C71CE2AB05C}.QA|Any CPU.Build.0 = QA|Any CPU
		{440DFDD4-2FF7-437E-A226-1C71CE2AB05C}.Release|Any CPU.ActiveCfg = Release|Any CPU
		{440DFDD4-2FF7-437E-A226-1C71CE2AB05C}.Release|Any CPU.Build.0 = Release|Any CPU
		{440DFDD4-2FF7-437E-A226-1C71CE2AB05C}.UAT|Any CPU.ActiveCfg = QA|Any CPU
		{440DFDD4-2FF7-437E-A226-1C71CE2AB05C}.UAT|Any CPU.Build.0 = QA|Any CPU
		{AD8C22C3-CD40-4554-80A3-33F191631207}.Debug|Any CPU.ActiveCfg = Debug|Any CPU
		{AD8C22C3-CD40-4554-80A3-33F191631207}.Debug|Any CPU.Build.0 = Debug|Any CPU
		{AD8C22C3-CD40-4554-80A3-33F191631207}.DEV|Any CPU.ActiveCfg = DEV|Any CPU
		{AD8C22C3-CD40-4554-80A3-33F191631207}.DEV|Any CPU.Build.0 = DEV|Any CPU
		{AD8C22C3-CD40-4554-80A3-33F191631207}.QA|Any CPU.ActiveCfg = QA|Any CPU
		{AD8C22C3-CD40-4554-80A3-33F191631207}.QA|Any CPU.Build.0 = QA|Any CPU
		{AD8C22C3-CD40-4554-80A3-33F191631207}.Release|Any CPU.ActiveCfg = Release|Any CPU
		{AD8C22C3-CD40-4554-80A3-33F191631207}.Release|Any CPU.Build.0 = Release|Any CPU
		{AD8C22C3-CD40-4554-80A3-33F191631207}.UAT|Any CPU.ActiveCfg = QA|Any CPU
		{AD8C22C3-CD40-4554-80A3-33F191631207}.UAT|Any CPU.Build.0 = QA|Any CPU
	EndGlobalSection
	GlobalSection(SolutionProperties) = preSolution
		HideSolutionNode = FALSE
	EndGlobalSection
	GlobalSection(ExtensibilityGlobals) = postSolution
		SolutionGuid = {4CB713DD-9D22-43F5-B26C-1F810952AAD8}
	EndGlobalSection
EndGlobal
